
Microsoft Visual Studio Solution File, Format Version 12.00
# Visual Studio Version 17
VisualStudioVersion = 17.11.35208.52
MinimumVisualStudioVersion = 10.0.40219.1
Project("{9A19103F-16F7-4668-BE54-9A1E7A4F7556}") = "ConFlag", "conflag\ConFlag.csproj", "{89AD57CE-7318-499C-9F40-32F58D16A222}"
EndProject
Project("{FAE04EC0-301F-11D3-BF4B-00C04F79EFBC}") = "ConFlagTests", "ConFlagTests\ConFlagTests.csproj", "{D83A65D5-8CDD-4364-8DC9-6107E216F79B}"
EndProject
Global
	GlobalSection(SolutionConfigurationPlatforms) = preSolution
		Debug|Any CPU = Debug|Any CPU
		Release|Any CPU = Release|Any CPU
	EndGlobalSection
	GlobalSection(ProjectConfigurationPlatforms) = postSolution
		{89AD57CE-7318-499C-9F40-32F58D16A222}.Debug|Any CPU.ActiveCfg = Debug|Any CPU
		{89AD57CE-7318-499C-9F40-32F58D16A222}.Debug|Any CPU.Build.0 = Debug|Any CPU
		{89AD57CE-7318-499C-9F40-32F58D16A222}.Release|Any CPU.ActiveCfg = Release|Any CPU
		{89AD57CE-7318-499C-9F40-32F58D16A222}.Release|Any CPU.Build.0 = Release|Any CPU
		{D83A65D5-8CDD-4364-8DC9-6107E216F79B}.Debug|Any CPU.ActiveCfg = Debug|Any CPU
		{D83A65D5-8CDD-4364-8DC9-6107E216F79B}.Debug|Any CPU.Build.0 = Debug|Any CPU
		{D83A65D5-8CDD-4364-8DC9-6107E216F79B}.Release|Any CPU.ActiveCfg = Release|Any CPU
		{D83A65D5-8CDD-4364-8DC9-6107E216F79B}.Release|Any CPU.Build.0 = Release|Any CPU
	EndGlobalSection
	GlobalSection(SolutionProperties) = preSolution
		HideSolutionNode = FALSE
	EndGlobalSection
	GlobalSection(ExtensibilityGlobals) = postSolution
		SolutionGuid = {DC364C38-3365-4F9D-8190-CE82673DA3DD}
	EndGlobalSection
EndGlobal
